# This file is generated by running "yarn install" inside your project.
# Manual changes might be lost - proceed with caution!

__metadata:
  version: 8
  cacheKey: 10c0

"benchmark-xml-parser@workspace:.":
  version: 0.0.0-use.local
  resolution: "benchmark-xml-parser@workspace:."
  dependencies:
    benchmark: "npm:^2.1.4"
  languageName: unknown
  linkType: soft

"benchmark@npm:^2.1.4":
  version: 2.1.4
  resolution: "benchmark@npm:2.1.4"
  dependencies:
    lodash: "npm:^4.17.4"
    platform: "npm:^1.3.3"
  checksum: 10c0/510224c01f7578e9aa60cef67ec3dd8f84ac6670007bcc96285f87865375122aca0853ab4e542cc80cfeeed436356dfdd63bb66cb5e72365abb912685b2139be
  languageName: node
  linkType: hard

"lodash@npm:^4.17.4":
  version: 4.17.21
  resolution: "lodash@npm:4.17.21"
  checksum: 10c0/d8cbea072bb08655bb4c989da418994b073a608dffa608b09ac04b43a791b12aeae7cd7ad919aa4c925f33b48490b5cfe6c1f71d827956071dae2e7bb3a6b74c
  languageName: node
  linkType: hard

"platform@npm:^1.3.3":
  version: 1.3.6
  resolution: "platform@npm:1.3.6"
  checksum: 10c0/69f2eb692e15f1a343dd0d9347babd9ca933824c8673096be746ff66f99f2bdc909fadd8609076132e6ec768349080babb7362299f2a7f885b98f1254ae6224b
  languageName: node
  linkType: hard
