# This file is generated by running "yarn install" inside your project.
# Manual changes might be lost - proceed with caution!

__metadata:
  version: 8
  cacheKey: 10c0

"@xmldom/xmldom@npm:^0.9.8":
  version: 0.9.8
  resolution: "@xmldom/xmldom@npm:0.9.8"
  checksum: 10c0/2ea984270832de2843ab0bbb6df71bde9aa02126b69e5fd56b5512b98ace48e94aff7186e77d0b22fe4b6780483862be752bcf8577436638a9210109029a0503
  languageName: node
  linkType: hard

"benchmark-xml-parser@workspace:.":
  version: 0.0.0-use.local
  resolution: "benchmark-xml-parser@workspace:."
  dependencies:
    "@xmldom/xmldom": "npm:^0.9.8"
    benchmark: "npm:^2.1.4"
    fast-xml-parser: "npm:^5.2.5"
  languageName: unknown
  linkType: soft

"benchmark@npm:^2.1.4":
  version: 2.1.4
  resolution: "benchmark@npm:2.1.4"
  dependencies:
    lodash: "npm:^4.17.4"
    platform: "npm:^1.3.3"
  checksum: 10c0/510224c01f7578e9aa60cef67ec3dd8f84ac6670007bcc96285f87865375122aca0853ab4e542cc80cfeeed436356dfdd63bb66cb5e72365abb912685b2139be
  languageName: node
  linkType: hard

"fast-xml-parser@npm:^5.2.5":
  version: 5.2.5
  resolution: "fast-xml-parser@npm:5.2.5"
  dependencies:
    strnum: "npm:^2.1.0"
  bin:
    fxparser: src/cli/cli.js
  checksum: 10c0/d1057d2e790c327ccfc42b872b91786a4912a152d44f9507bf053f800102dfb07ece3da0a86b33ff6a0caa5a5cad86da3326744f6ae5efb0c6c571d754fe48cd
  languageName: node
  linkType: hard

"lodash@npm:^4.17.4":
  version: 4.17.21
  resolution: "lodash@npm:4.17.21"
  checksum: 10c0/d8cbea072bb08655bb4c989da418994b073a608dffa608b09ac04b43a791b12aeae7cd7ad919aa4c925f33b48490b5cfe6c1f71d827956071dae2e7bb3a6b74c
  languageName: node
  linkType: hard

"platform@npm:^1.3.3":
  version: 1.3.6
  resolution: "platform@npm:1.3.6"
  checksum: 10c0/69f2eb692e15f1a343dd0d9347babd9ca933824c8673096be746ff66f99f2bdc909fadd8609076132e6ec768349080babb7362299f2a7f885b98f1254ae6224b
  languageName: node
  linkType: hard

"strnum@npm:^2.1.0":
  version: 2.1.1
  resolution: "strnum@npm:2.1.1"
  checksum: 10c0/1f9bd1f9b4c68333f25c2b1f498ea529189f060cd50aa59f1876139c994d817056de3ce57c12c970f80568d75df2289725e218bd9e3cdf73cd1a876c9c102733
  languageName: node
  linkType: hard
