# This file is generated by running "yarn install" inside your project.
# Manual changes might be lost - proceed with caution!

__metadata:
  version: 8
  cacheKey: 10c0

"@aws-sdk/xml-builder@npm:^3.972.11":
  version: 3.972.11
  resolution: "@aws-sdk/xml-builder@npm:3.972.11"
  dependencies:
    "@smithy/types": "npm:^4.13.1"
    fast-xml-parser: "npm:5.4.1"
    tslib: "npm:^2.6.2"
  checksum: 10c0/ba933261da8a0ee2d6ee6468229012ee21eb397c7e37848c8a1d8eb029a6ef865c068d0f839158939567fb6b85cca5f77261e92c24bc547e41252358cd9f19f3
  languageName: node
  linkType: hard

"@smithy/types@npm:^4.13.1":
  version: 4.13.1
  resolution: "@smithy/types@npm:4.13.1"
  dependencies:
    tslib: "npm:^2.6.2"
  checksum: 10c0/775ed9748d9290b8816d933bfb9726eb9301ef2fe9fba1bfbc1966372b9f0d4dd1d3b611aca3c000094bed2ca9d821e10fe2795a75df5bc305bc8845a1e413f7
  languageName: node
  linkType: hard

"@xmldom/xmldom@npm:^0.8.11":
  version: 0.8.11
  resolution: "@xmldom/xmldom@npm:0.8.11"
  checksum: 10c0/e768623de72c95d3dae6b5da8e33dda0d81665047811b5498d23a328d45b13feb5536fe921d0308b96a4a8dd8addf80b1f6ef466508051c0b581e63e0dc74ed5
  languageName: node
  linkType: hard

"benchmark-xml-parser@workspace:.":
  version: 0.0.0-use.local
  resolution: "benchmark-xml-parser@workspace:."
  dependencies:
    "@aws-sdk/xml-builder": "npm:^3.972.11"
    "@xmldom/xmldom": "npm:^0.8.11"
    benchmark: "npm:^2.1.4"
    fast-xml-parser: "npm:^5.5.6"
    prettier: "npm:^3.8.1"
  languageName: unknown
  linkType: soft

"benchmark@npm:^2.1.4":
  version: 2.1.4
  resolution: "benchmark@npm:2.1.4"
  dependencies:
    lodash: "npm:^4.17.4"
    platform: "npm:^1.3.3"
  checksum: 10c0/510224c01f7578e9aa60cef67ec3dd8f84ac6670007bcc96285f87865375122aca0853ab4e542cc80cfeeed436356dfdd63bb66cb5e72365abb912685b2139be
  languageName: node
  linkType: hard

"fast-xml-builder@npm:^1.0.0, fast-xml-builder@npm:^1.1.4":
  version: 1.1.4
  resolution: "fast-xml-builder@npm:1.1.4"
  dependencies:
    path-expression-matcher: "npm:^1.1.3"
  checksum: 10c0/d5dfc0660f7f886b9f42747e6aa1d5e16c090c804b322652f65a5d7ffb93aa00153c3e1276cd053629f9f4c4f625131dc6886677394f7048e827e63b97b18927
  languageName: node
  linkType: hard

"fast-xml-parser@npm:5.4.1":
  version: 5.4.1
  resolution: "fast-xml-parser@npm:5.4.1"
  dependencies:
    fast-xml-builder: "npm:^1.0.0"
    strnum: "npm:^2.1.2"
  bin:
    fxparser: src/cli/cli.js
  checksum: 10c0/8c696438a0c64135faf93ea6a93879208d649b7c9a3293d30d6eb750dc7f766fd083c0df5a82786b60809c3ead64fad155f28dbed25efea91017aaf9f64c91e5
  languageName: node
  linkType: hard

"fast-xml-parser@npm:^5.5.6":
  version: 5.5.6
  resolution: "fast-xml-parser@npm:5.5.6"
  dependencies:
    fast-xml-builder: "npm:^1.1.4"
    path-expression-matcher: "npm:^1.1.3"
    strnum: "npm:^2.1.2"
  bin:
    fxparser: src/cli/cli.js
  checksum: 10c0/b7aed4f561f57fe4eba91c5e4a4438cb7eb09ac885b32d912eec257b84e6587dea88a7afd5738fd36c1e6a0bce778dfd8fcefea829fcc44ef019753b92e36402
  languageName: node
  linkType: hard

"lodash@npm:^4.17.4":
  version: 4.17.23
  resolution: "lodash@npm:4.17.23"
  checksum: 10c0/1264a90469f5bb95d4739c43eb6277d15b6d9e186df4ac68c3620443160fc669e2f14c11e7d8b2ccf078b81d06147c01a8ccced9aab9f9f63d50dcf8cace6bf6
  languageName: node
  linkType: hard

"path-expression-matcher@npm:^1.1.3":
  version: 1.1.3
  resolution: "path-expression-matcher@npm:1.1.3"
  checksum: 10c0/45c01471bc62c5f38d069418aec831763e6f45bb85f9520b08de441e6cd14f84b3098ecb66255e819c2af21102abcd2b45550dc1285996717ce9292802df2bc5
  languageName: node
  linkType: hard

"platform@npm:^1.3.3":
  version: 1.3.6
  resolution: "platform@npm:1.3.6"
  checksum: 10c0/69f2eb692e15f1a343dd0d9347babd9ca933824c8673096be746ff66f99f2bdc909fadd8609076132e6ec768349080babb7362299f2a7f885b98f1254ae6224b
  languageName: node
  linkType: hard

"prettier@npm:^3.8.1":
  version: 3.8.1
  resolution: "prettier@npm:3.8.1"
  bin:
    prettier: bin/prettier.cjs
  checksum: 10c0/33169b594009e48f570471271be7eac7cdcf88a209eed39ac3b8d6d78984039bfa9132f82b7e6ba3b06711f3bfe0222a62a1bfb87c43f50c25a83df1b78a2c42
  languageName: node
  linkType: hard

"strnum@npm:^2.1.2":
  version: 2.2.0
  resolution: "strnum@npm:2.2.0"
  checksum: 10c0/9a656f5048047abff8d10d0bb57761a01916e368a71e95d4f5a962b57f64b738e20672e68ba10b7de3dc78e861c77bc0566bdeed7017abdda1caf0303c929a3f
  languageName: node
  linkType: hard

"tslib@npm:^2.6.2":
  version: 2.8.1
  resolution: "tslib@npm:2.8.1"
  checksum: 10c0/9c4759110a19c53f992d9aae23aac5ced636e99887b51b9e61def52611732872ff7668757d4e4c61f19691e36f4da981cd9485e869b4a7408d689f6bf1f14e62
  languageName: node
  linkType: hard
